
Microsoft Visual Studio Solution File, Format Version 12.00
# Visual Studio Version 17
VisualStudioVersion = 17.0.31903.59
MinimumVisualStudioVersion = 10.0.40219.1
Project("{FAE04EC0-301F-11D3-BF4B-00C04F79EFBC}") = "ServiceHandler.WPF", "ServiceHandler.WPF\ServiceHandler.WPF.csproj", "{5BCFFB17-F2E4-4DEC-89ED-554679A167B0}"
EndProject
Global
	GlobalSection(SolutionConfigurationPlatforms) = preSolution
		Debug|Any CPU = Debug|Any CPU
		Release|Any CPU = Release|Any CPU
	EndGlobalSection
	GlobalSection(ProjectConfigurationPlatforms) = postSolution
		{5BCFFB17-F2E4-4DEC-89ED-554679A167B0}.Debug|Any CPU.ActiveCfg = Debug|Any CPU
		{5BCFFB17-F2E4-4DEC-89ED-554679A167B0}.Debug|Any CPU.Build.0 = Debug|Any CPU
		{5BCFFB17-F2E4-4DEC-89ED-554679A167B0}.Release|Any CPU.ActiveCfg = Release|Any CPU
		{5BCFFB17-F2E4-4DEC-89ED-554679A167B0}.Release|Any CPU.Build.0 = Release|Any CPU
	EndGlobalSection
	GlobalSection(SolutionProperties) = preSolution
		HideSolutionNode = FALSE
	EndGlobalSection
	GlobalSection(ExtensibilityGlobals) = postSolution
		SolutionGuid = {5EB3BD70-DB95-435F-9EBE-A9BFDC23FD92}
	EndGlobalSection
EndGlobal
